
Microsoft Visual Studio Solution File, Format Version 12.00
Project("{FAE04EC0-301F-11D3-BF4B-00C04F79EFBC}") = "Crypto", "Crypto.csproj", "{1B2638B7-ABAF-4535-9597-ED481C91BC2B}"
EndProject
Global
	GlobalSection(SolutionConfigurationPlatforms) = preSolution
		Debug|Any CPU = Debug|Any CPU
		Release|Any CPU = Release|Any CPU
	EndGlobalSection
	GlobalSection(ProjectConfigurationPlatforms) = postSolution
		{1B2638B7-ABAF-4535-9597-ED481C91BC2B}.Debug|Any CPU.ActiveCfg = Debug|Any CPU
		{1B2638B7-ABAF-4535-9597-ED481C91BC2B}.Debug|Any CPU.Build.0 = Debug|Any CPU
		{1B2638B7-ABAF-4535-9597-ED481C91BC2B}.Release|Any CPU.ActiveCfg = Release|Any CPU
		{1B2638B7-ABAF-4535-9597-ED481C91BC2B}.Release|Any CPU.Build.0 = Release|Any CPU
	EndGlobalSection
EndGlobal
